{
    "name": "cleanup-repos",
    "version": "1.0.0",
    "lockfileVersion": 1,
    "requires": true,
    "dependencies": {
        "@octokit/auth-token": {
            "version": "6.0.0",
            "resolved": "https://registry.npmjs.org/@octokit/auth-token/-/auth-token-6.0.0.tgz",
            "integrity": "sha512-P4YJBPdPSpWTQ1NU4XYdvHvXJJDxM6YwpS0FZHRgP7YFkdVxsWcpWGy/NVqlAA7PcPCnMacXlRm1y2PFZRWL/w=="
        },
        "@octokit/core": {
            "version": "7.0.6",
            "resolved": "https://registry.npmjs.org/@octokit/core/-/core-7.0.6.tgz",
            "integrity": "sha512-DhGl4xMVFGVIyMwswXeyzdL4uXD5OGILGX5N8Y+f6W7LhC1Ze2poSNrkF/fedpVDHEEZ+PHFW0vL14I+mm8K3Q==",
            "requires": {
                "@octokit/auth-token": "^6.0.0",
                "@octokit/graphql": "^9.0.3",
                "@octokit/request": "^10.0.6",
                "@octokit/request-error": "^7.0.2",
                "@octokit/types": "^16.0.0",
                "before-after-hook": "^4.0.0",
                "universal-user-agent": "^7.0.0"
            }
        },
        "@octokit/endpoint": {
            "version": "11.0.2",
            "resolved": "https://registry.npmjs.org/@octokit/endpoint/-/endpoint-11.0.2.tgz",
            "integrity": "sha512-4zCpzP1fWc7QlqunZ5bSEjxc6yLAlRTnDwKtgXfcI/FxxGoqedDG8V2+xJ60bV2kODqcGB+nATdtap/XYq2NZQ==",
            "requires": {
                "@octokit/types": "^16.0.0",
                "universal-user-agent": "^7.0.2"
            }
        },
        "@octokit/graphql": {
            "version": "9.0.5",
            "resolved": "https://registry.npmjs.org/@octokit/graphql/-/graphql-9.0.5.tgz",
            "integrity": "sha512-bt/hm03LeU6Vy7FwTrkkC9p3XGT/lBwClglMqxBSe5/q0E5CdJTXeAqEI0vlw89/LF/G6tryTIH8HirZ3prMVg==",
            "requires": {
                "@octokit/request": "^10.0.16",
                "@octokit/types": "^18.0.0",
                "universal-user-agent": "^7.0.0"
            },
            "dependencies": {
                "@octokit/endpoint": {
                    "version": "11.0.5",
                    "resolved": "https://registry.npmjs.org/@octokit/endpoint/-/endpoint-11.0.5.tgz",
                    "integrity": "sha512-iXa654H3yFafF/ieHkukfbgWo2rmXD2ceD0ZOtrPhw1bc3FDch1d9N/TNs0FQ1/cIbwb7kspUX8jzIs8nzb9DQ==",
                    "requires": {
                        "@octokit/types": "^18.0.0",
                        "universal-user-agent": "^7.0.2"
                    }
                },
                "@octokit/openapi-types": {
                    "version": "29.0.1",
                    "resolved": "https://registry.npmjs.org/@octokit/openapi-types/-/openapi-types-29.0.1.tgz",
                    "integrity": "sha512-9qWOMFNxxLokERcms42rU0PTLqQmVs7g5E41TI4mCOxmpFayD1rfC7XxOL55cG9MBZLFlC31BrR37myMKardwg=="
                },
                "@octokit/request": {
                    "version": "10.0.16",
                    "resolved": "https://registry.npmjs.org/@octokit/request/-/request-10.0.16.tgz",
                    "integrity": "sha512-A0zWGjHzISIb+9ccG8s0dq7LKO5zVpJLRICjgUb+sJxEWqn8RUHB1rD3AE51+PECvXHIxqZ1VVvs4fHTSD9nUQ==",
                    "requires": {
                        "@octokit/endpoint": "^11.0.5",
                        "@octokit/request-error": "^7.1.2",
                        "@octokit/types": "^18.0.0",
                        "content-type": "^3.0.0",
                        "json-with-bigint": "^3.5.12",
                        "universal-user-agent": "^7.0.2"
                    }
                },
                "@octokit/request-error": {
                    "version": "7.1.2",
                    "resolved": "https://registry.npmjs.org/@octokit/request-error/-/request-error-7.1.2.tgz",
                    "integrity": "sha512-XZRuT3xZ84D3gYErI1DZvhJ33dCWVV6uzBtWkaBB4TvA/L6eOeTZodxLFVB44bBEEo3vEx7y00UfX1tBLrtLRg==",
                    "requires": {
                        "@octokit/types": "^18.0.0"
                    }
                },
                "@octokit/types": {
                    "version": "18.0.0",
                    "resolved": "https://registry.npmjs.org/@octokit/types/-/types-18.0.0.tgz",
                    "integrity": "sha512-l6bAF43PNxkJp6g+W4PjoUSSkxHomXw2nOum5CTftJz1NlV3vu93NImgOYtLf6CbBUb5j+fiuzW0PPQ5JTSvZA==",
                    "requires": {
                        "@octokit/openapi-types": "^29.0.1"
                    }
                }
            }
        },
        "@octokit/openapi-types": {
            "version": "27.0.0",
            "resolved": "https://registry.npmjs.org/@octokit/openapi-types/-/openapi-types-27.0.0.tgz",
            "integrity": "sha512-whrdktVs1h6gtR+09+QsNk2+FO+49j6ga1c55YZudfEG+oKJVvJLQi3zkOm5JjiUXAagWK2tI2kTGKJ2Ys7MGA=="
        },
        "@octokit/plugin-paginate-rest": {
            "version": "14.0.0",
            "resolved": "https://registry.npmjs.org/@octokit/plugin-paginate-rest/-/plugin-paginate-rest-14.0.0.tgz",
            "integrity": "sha512-fNVRE7ufJiAA3XUrha2omTA39M6IXIc6GIZLvlbsm8QOQCYvpq/LkMNGyFlB1d8hTDzsAXa3OKtybdMAYsV/fw==",
            "requires": {
                "@octokit/types": "^16.0.0"
            }
        },
        "@octokit/plugin-request-log": {
            "version": "6.0.0",
            "resolved": "https://registry.npmjs.org/@octokit/plugin-request-log/-/plugin-request-log-6.0.0.tgz",
            "integrity": "sha512-UkOzeEN3W91/eBq9sPZNQ7sUBvYCqYbrrD8gTbBuGtHEuycE4/awMXcYvx6sVYo7LypPhmQwwpUe4Yyu4QZN5Q=="
        },
        "@octokit/plugin-rest-endpoint-methods": {
            "version": "17.0.0",
            "resolved": "https://registry.npmjs.org/@octokit/plugin-rest-endpoint-methods/-/plugin-rest-endpoint-methods-17.0.0.tgz",
            "integrity": "sha512-B5yCyIlOJFPqUUeiD0cnBJwWJO8lkJs5d8+ze9QDP6SvfiXSz1BF+91+0MeI1d2yxgOhU/O+CvtiZ9jSkHhFAw==",
            "requires": {
                "@octokit/types": "^16.0.0"
            }
        },
        "@octokit/request": {
            "version": "10.0.7",
            "resolved": "https://registry.npmjs.org/@octokit/request/-/request-10.0.7.tgz",
            "integrity": "sha512-v93h0i1yu4idj8qFPZwjehoJx4j3Ntn+JhXsdJrG9pYaX6j/XRz2RmasMUHtNgQD39nrv/VwTWSqK0RNXR8upA==",
            "requires": {
                "@octokit/endpoint": "^11.0.2",
                "@octokit/request-error": "^7.0.2",
                "@octokit/types": "^16.0.0",
                "fast-content-type-parse": "^3.0.0",
                "universal-user-agent": "^7.0.2"
            }
        },
        "@octokit/request-error": {
            "version": "7.1.0",
            "resolved": "https://registry.npmjs.org/@octokit/request-error/-/request-error-7.1.0.tgz",
            "integrity": "sha512-KMQIfq5sOPpkQYajXHwnhjCC0slzCNScLHs9JafXc4RAJI+9f+jNDlBNaIMTvazOPLgb4BnlhGJOTbnN0wIjPw==",
            "requires": {
                "@octokit/types": "^16.0.0"
            }
        },
        "@octokit/rest": {
            "version": "22.0.1",
            "resolved": "https://registry.npmjs.org/@octokit/rest/-/rest-22.0.1.tgz",
            "integrity": "sha512-Jzbhzl3CEexhnivb1iQ0KJ7s5vvjMWcmRtq5aUsKmKDrRW6z3r84ngmiFKFvpZjpiU/9/S6ITPFRpn5s/3uQJw==",
            "requires": {
                "@octokit/core": "^7.0.6",
                "@octokit/plugin-paginate-rest": "^14.0.0",
                "@octokit/plugin-request-log": "^6.0.0",
                "@octokit/plugin-rest-endpoint-methods": "^17.0.0"
            }
        },
        "@octokit/types": {
            "version": "16.0.0",
            "resolved": "https://registry.npmjs.org/@octokit/types/-/types-16.0.0.tgz",
            "integrity": "sha512-sKq+9r1Mm4efXW1FCk7hFSeJo4QKreL/tTbR0rz/qx/r1Oa2VV83LTA/H/MuCOX7uCIJmQVRKBcbmWoySjAnSg==",
            "requires": {
                "@octokit/openapi-types": "^27.0.0"
            }
        },
        "before-after-hook": {
            "version": "4.0.0",
            "resolved": "https://registry.npmjs.org/before-after-hook/-/before-after-hook-4.0.0.tgz",
            "integrity": "sha512-q6tR3RPqIB1pMiTRMFcZwuG5T8vwp+vUvEG0vuI6B+Rikh5BfPp2fQ82c925FOs+b0lcFQ8CFrL+KbilfZFhOQ=="
        },
        "content-type": {
            "version": "3.0.0",
            "resolved": "https://registry.npmjs.org/content-type/-/content-type-3.0.0.tgz",
            "integrity": "sha512-AIi5H6p0xk5uknXcN3/rmhP8jgp69OfSe/JuKiQAFprJ7UGw7mwj7m4XcmDzlrnJDG+cGpphAINGdU3g3g7kDw=="
        },
        "date-fns": {
            "version": "4.4.0",
            "resolved": "https://registry.npmjs.org/date-fns/-/date-fns-4.4.0.tgz",
            "integrity": "sha512-+1UMbeh68lH1SegH83CGWwpb6OHHbpSgr3+s5Eww5M4CAgswBpoWS0AjTOfEJ33HiYKz1hdj/KTFprzXHmq/6w=="
        },
        "fast-content-type-parse": {
            "version": "3.0.0",
            "resolved": "https://registry.npmjs.org/fast-content-type-parse/-/fast-content-type-parse-3.0.0.tgz",
            "integrity": "sha512-ZvLdcY8P+N8mGQJahJV5G4U88CSvT1rP8ApL6uETe88MBXrBHAkZlSEySdUlyztF7ccb+Znos3TFqaepHxdhBg=="
        },
        "json-with-bigint": {
            "version": "3.5.12",
            "resolved": "https://registry.npmjs.org/json-with-bigint/-/json-with-bigint-3.5.12.tgz",
            "integrity": "sha512-uwbF/wSSuOgC7qqlq27Xp5B6a2MHVug3t0idZdTqu0JnlFvgJuH7ju+KAk/J06C7GfhoYy2gnb9wz2INqcne7w=="
        },
        "universal-user-agent": {
            "version": "7.0.3",
            "resolved": "https://registry.npmjs.org/universal-user-agent/-/universal-user-agent-7.0.3.tgz",
            "integrity": "sha512-TmnEAEAsBJVZM/AADELsK76llnwcf9vMKuPz8JflO1frO8Lchitr0fNaN9d+Ap0BjKtqWqd/J17qeDnXh8CL2A=="
        }
    }
}
